
Microsoft Visual Studio Solution File, Format Version 12.00
# Visual Studio Version 17
VisualStudioVersion = 17.6.33829.357
MinimumVisualStudioVersion = 10.0.40219.1
Project("{FAE04EC0-301F-11D3-BF4B-00C04F79EFBC}") = "WindowsFormsApp2", "WindowsFormsApp2\WindowsFormsApp2.csproj", "{2DE3EE08-DA07-4E8A-97D9-C02A0229EC15}"
EndProject
Global
	GlobalSection(SolutionConfigurationPlatforms) = preSolution
		Debug|Any CPU = Debug|Any CPU
		Release|Any CPU = Release|Any CPU
	EndGlobalSection
	GlobalSection(ProjectConfigurationPlatforms) = postSolution
		{2DE3EE08-DA07-4E8A-97D9-C02A0229EC15}.Debug|Any CPU.ActiveCfg = Debug|Any CPU
		{2DE3EE08-DA07-4E8A-97D9-C02A0229EC15}.Debug|Any CPU.Build.0 = Debug|Any CPU
		{2DE3EE08-DA07-4E8A-97D9-C02A0229EC15}.Release|Any CPU.ActiveCfg = Release|Any CPU
		{2DE3EE08-DA07-4E8A-97D9-C02A0229EC15}.Release|Any CPU.Build.0 = Release|Any CPU
	EndGlobalSection
	GlobalSection(SolutionProperties) = preSolution
		HideSolutionNode = FALSE
	EndGlobalSection
	GlobalSection(ExtensibilityGlobals) = postSolution
		SolutionGuid = {EC00ED39-7371-46B8-9431-E3CEF8A87711}
	EndGlobalSection
EndGlobal
